
Microsoft Visual Studio Solution File, Format Version 11.00
# Visual Studio 2010
Project("{FAE04EC0-301F-11D3-BF4B-00C04F79EFBC}") = "lianxi", "Assembly-CSharp.csproj", "{7379EA88-19BD-9FC2-53BF-93C045A51932}"
EndProject
Project("{FAE04EC0-301F-11D3-BF4B-00C04F79EFBC}") = "lianxi", "Assembly-CSharp-Editor.csproj", "{FF2B9C30-BDA9-A0DD-8DEF-4ACFB166D420}"
EndProject
Global
	GlobalSection(SolutionConfigurationPlatforms) = preSolution
		Debug|Any CPU = Debug|Any CPU
		Release|Any CPU = Release|Any CPU
	EndGlobalSection
	GlobalSection(ProjectConfigurationPlatforms) = postSolution
		{7379EA88-19BD-9FC2-53BF-93C045A51932}.Debug|Any CPU.ActiveCfg = Debug|Any CPU
		{7379EA88-19BD-9FC2-53BF-93C045A51932}.Debug|Any CPU.Build.0 = Debug|Any CPU
		{7379EA88-19BD-9FC2-53BF-93C045A51932}.Release|Any CPU.ActiveCfg = Release|Any CPU
		{7379EA88-19BD-9FC2-53BF-93C045A51932}.Release|Any CPU.Build.0 = Release|Any CPU
		{FF2B9C30-BDA9-A0DD-8DEF-4ACFB166D420}.Debug|Any CPU.ActiveCfg = Debug|Any CPU
		{FF2B9C30-BDA9-A0DD-8DEF-4ACFB166D420}.Debug|Any CPU.Build.0 = Debug|Any CPU
		{FF2B9C30-BDA9-A0DD-8DEF-4ACFB166D420}.Release|Any CPU.ActiveCfg = Release|Any CPU
		{FF2B9C30-BDA9-A0DD-8DEF-4ACFB166D420}.Release|Any CPU.Build.0 = Release|Any CPU
	EndGlobalSection
	GlobalSection(SolutionProperties) = preSolution
		HideSolutionNode = FALSE
	EndGlobalSection
	GlobalSection(MonoDevelopProperties) = preSolution
		StartupItem = Assembly-CSharp.csproj
	EndGlobalSection
EndGlobal
